
Microsoft Visual Studio Solution File, Format Version 12.00
# Visual Studio Version 17
VisualStudioVersion = 17.5.33516.290
MinimumVisualStudioVersion = 10.0.40219.1
Project("{9A19103F-16F7-4668-BE54-9A1E7A4F7556}") = "SemanticXamlPrint", "SemanticXamlPrint\SemanticXamlPrint.csproj", "{334CB0B4-3D11-43F6-BAC6-0F7FC8601E20}"
EndProject
Project("{FAE04EC0-301F-11D3-BF4B-00C04F79EFBC}") = "SemanticXamlPrint.Demo", "SemanticXamlPrint.Demo\SemanticXamlPrint.Demo.csproj", "{9794C3B4-6C4D-43BF-99A4-06FFF32C8157}"
EndProject
Global
	GlobalSection(SolutionConfigurationPlatforms) = preSolution
		Debug|Any CPU = Debug|Any CPU
		Release|Any CPU = Release|Any CPU
	EndGlobalSection
	GlobalSection(ProjectConfigurationPlatforms) = postSolution
		{334CB0B4-3D11-43F6-BAC6-0F7FC8601E20}.Debug|Any CPU.ActiveCfg = Debug|Any CPU
		{334CB0B4-3D11-43F6-BAC6-0F7FC8601E20}.Debug|Any CPU.Build.0 = Debug|Any CPU
		{334CB0B4-3D11-43F6-BAC6-0F7FC8601E20}.Release|Any CPU.ActiveCfg = Release|Any CPU
		{334CB0B4-3D11-43F6-BAC6-0F7FC8601E20}.Release|Any CPU.Build.0 = Release|Any CPU
		{9794C3B4-6C4D-43BF-99A4-06FFF32C8157}.Debug|Any CPU.ActiveCfg = Debug|Any CPU
		{9794C3B4-6C4D-43BF-99A4-06FFF32C8157}.Debug|Any CPU.Build.0 = Debug|Any CPU
		{9794C3B4-6C4D-43BF-99A4-06FFF32C8157}.Release|Any CPU.ActiveCfg = Release|Any CPU
		{9794C3B4-6C4D-43BF-99A4-06FFF32C8157}.Release|Any CPU.Build.0 = Release|Any CPU
	EndGlobalSection
	GlobalSection(SolutionProperties) = preSolution
		HideSolutionNode = FALSE
	EndGlobalSection
	GlobalSection(ExtensibilityGlobals) = postSolution
		SolutionGuid = {177762CB-3771-4456-B8F2-AE22D7EBA956}
	EndGlobalSection
EndGlobal
